
Microsoft Visual Studio Solution File, Format Version 10.00
# Visual C# Express 2008
Project("{FAE04EC0-301F-11D3-BF4B-00C04F79EFBC}") = "2member+ 3member 2D frame with spring", "2member+ 3member 2D frame with spring.csproj", "{90B05F34-E5F4-47E5-94CB-DC5875C9DB96}"
EndProject
Global
	GlobalSection(SolutionConfigurationPlatforms) = preSolution
		Debug|Any CPU = Debug|Any CPU
		Release|Any CPU = Release|Any CPU
	EndGlobalSection
	GlobalSection(ProjectConfigurationPlatforms) = postSolution
		{90B05F34-E5F4-47E5-94CB-DC5875C9DB96}.Debug|Any CPU.ActiveCfg = Debug|Any CPU
		{90B05F34-E5F4-47E5-94CB-DC5875C9DB96}.Debug|Any CPU.Build.0 = Debug|Any CPU
		{90B05F34-E5F4-47E5-94CB-DC5875C9DB96}.Release|Any CPU.ActiveCfg = Release|Any CPU
		{90B05F34-E5F4-47E5-94CB-DC5875C9DB96}.Release|Any CPU.Build.0 = Release|Any CPU
	EndGlobalSection
	GlobalSection(SolutionProperties) = preSolution
		HideSolutionNode = FALSE
	EndGlobalSection
EndGlobal
